// !$*UTF8*$!
{
	archiveVersion = 1;
	classes = {
	};
	objectVersion = 46;
	objects = {

/* Begin PBXBuildFile section */
		50AB3A361DB712CF00E7B3BA /* AppDelegate.swift in Sources */ = {isa = PBXBuildFile; fileRef = 50AB3A351DB712CF00E7B3BA /* AppDelegate.swift */; };
		50AB3A381DB712CF00E7B3BA /* ViewController.swift in Sources */ = {isa = PBXBuildFile; fileRef = 50AB3A371DB712CF00E7B3BA /* ViewController.swift */; };
		50AB3A3B1DB712CF00E7B3BA /* Main.storyboard in Resources */ = {isa = PBXBuildFile; fileRef = 50AB3A391DB712CF00E7B3BA /* Main.storyboard */; };
		50AB3A3D1DB712CF00E7B3BA /* Assets.xcassets in Resources */ = {isa = PBXBuildFile; fileRef = 50AB3A3C1DB712CF00E7B3BA /* Assets.xcassets */; };
		50AB3A401DB712CF00E7B3BA /* LaunchScreen.storyboard in Resources */ = {isa = PBXBuildFile; fileRef = 50AB3A3E1DB712CF00E7B3BA /* LaunchScreen.storyboard */; };
		50AB3A4B1DB712CF00E7B3BA /* GitDemoTests.swift in Sources */ = {isa = PBXBuildFile; fileRef = 50AB3A4A1DB712CF00E7B3BA /* GitDemoTests.swift */; };
		50AB3A561DB712CF00E7B3BA /* GitDemoUITests.swift in Sources */ = {isa = PBXBuildFile; fileRef = 50AB3A551DB712CF00E7B3BA /* GitDemoUITests.swift */; };
/* End PBXBuildFile section */

/* Begin PBXContainerItemProxy section */
		50AB3A471DB712CF00E7B3BA /* PBXContainerItemProxy */ = {
			isa = PBXContainerItemProxy;
			containerPortal = 50AB3A2A1DB712CF00E7B3BA /* Project object */;
			proxyType = 1;
			remoteGlobalIDString = 50AB3A311DB712CF00E7B3BA;
			remoteInfo = GitDemo;
		};
		50AB3A521DB712CF00E7B3BA /* PBXContainerItemProxy */ = {
			isa = PBXContainerItemProxy;
			containerPortal = 50AB3A2A1DB712CF00E7B3BA /* Project object */;
			proxyType = 1;
			remoteGlobalIDString = 50AB3A311DB712CF00E7B3BA;
			remoteInfo = GitDemo;
		};
/* End PBXContainerItemProxy section */

/* Begin PBXFileReference section */
		50AB3A321DB712CF00E7B3BA /* GitDemo.app */ = {isa = PBXFileReference; explicitFileType = wrapper.application; includeInIndex = 0; path = GitDemo.app; sourceTree = BUILT_PRODUCTS_DIR; };
		50AB3A351DB712CF00E7B3BA /* AppDelegate.swift */ = {isa = PBXFileReference; lastKnownFileType = sourcecode.swift; path = AppDelegate.swift; sourceTree = "<group>"; };
		50AB3A371DB712CF00E7B3BA /* ViewController.swift */ = {isa = PBXFileReference; lastKnownFileType = sourcecode.swift; path = ViewController.swift; sourceTree = "<group>"; };
		50AB3A3A1DB712CF00E7B3BA /* Base */ = {isa = PBXFileReference; lastKnownFileType = file.storyboard; name = Base; path = Base.lproj/Main.storyboard; sourceTree = "<group>"; };
		50AB3A3C1DB712CF00E7B3BA /* Assets.xcassets */ = {isa = PBXFileReference; lastKnownFileType = folder.assetcatalog; path = Assets.xcassets; sourceTree = "<group>"; };
		50AB3A3F1DB712CF00E7B3BA /* Base */ = {isa = PBXFileReference; lastKnownFileType = file.storyboard; name = Base; path = Base.lproj/LaunchScreen.storyboard; sourceTree = "<group>"; };
		50AB3A411DB712CF00E7B3BA /* Info.plist */ = {isa = PBXFileReference; lastKnownFileType = text.plist.xml; path = Info.plist; sourceTree = "<group>"; };
		50AB3A461DB712CF00E7B3BA /* GitDemoTests.xctest */ = {isa = PBXFileReference; explicitFileType = wrapper.cfbundle; includeInIndex = 0; path = GitDemoTests.xctest; sourceTree = BUILT_PRODUCTS_DIR; };
		50AB3A4A1DB712CF00E7B3BA /* GitDemoTests.swift */ = {isa = PBXFileReference; lastKnownFileType = sourcecode.swift; path = GitDemoTests.swift; sourceTree = "<group>"; };
		50AB3A4C1DB712CF00E7B3BA /* Info.plist */ = {isa = PBXFileReference; lastKnownFileType = text.plist.xml; path = Info.plist; sourceTree = "<group>"; };
		50AB3A511DB712CF00E7B3BA /* GitDemoUITests.xctest */ = {isa = PBXFileReference; explicitFileType = wrapper.cfbundle; includeInIndex = 0; path = GitDemoUITests.xctest; sourceTree = BUILT_PRODUCTS_DIR; };
		50AB3A551DB712CF00E7B3BA /* GitDemoUITests.swift */ = {isa = PBXFileReference; lastKnownFileType = sourcecode.swift; path = GitDemoUITests.swift; sourceTree = "<group>"; };
		50AB3A571DB712CF00E7B3BA /* Info.plist */ = {isa = PBXFileReference; lastKnownFileType = text.plist.xml; path = Info.plist; sourceTree = "<group>"; };
/* End PBXFileReference section */

/* Begin PBXFrameworksBuildPhase section */
		50AB3A2F1DB712CF00E7B3BA /* Frameworks */ = {
			isa = PBXFrameworksBuildPhase;
			buildActionMask = 2147483647;
			files = (
			);
			runOnlyForDeploymentPostprocessing = 0;
		};
		50AB3A431DB712CF00E7B3BA /* Frameworks */ = {
			isa = PBXFrameworksBuildPhase;
			buildActionMask = 2147483647;
			files = (
			);
			runOnlyForDeploymentPostprocessing = 0;
		};
		50AB3A4E1DB712CF00E7B3BA /* Frameworks */ = {
			isa = PBXFrameworksBuildPhase;
			buildActionMask = 2147483647;
			files = (
			);
			runOnlyForDeploymentPostprocessing = 0;
		};
/* End PBXFrameworksBuildPhase section */

/* Begin PBXGroup section */
		50AB3A291DB712CF00E7B3BA = {
			isa = PBXGroup;
			children = (
				50AB3A341DB712CF00E7B3BA /* GitDemo */,
				50AB3A491DB712CF00E7B3BA /* GitDemoTests */,
				50AB3A541DB712CF00E7B3BA /* GitDemoUITests */,
				50AB3A331DB712CF00E7B3BA /* Products */,
			);
			sourceTree = "<group>";
		};
		50AB3A331DB712CF00E7B3BA /* Products */ = {
			isa = PBXGroup;
			children = (
				50AB3A321DB712CF00E7B3BA /* GitDemo.app */,
				50AB3A461DB712CF00E7B3BA /* GitDemoTests.xctest */,
				50AB3A511DB712CF00E7B3BA /* GitDemoUITests.xctest */,
			);
			name = Products;
			sourceTree = "<group>";
		};
		50AB3A341DB712CF00E7B3BA /* GitDemo */ = {
			isa = PBXGroup;
			children = (
				50AB3A351DB712CF00E7B3BA /* AppDelegate.swift */,
				50AB3A371DB712CF00E7B3BA /* ViewController.swift */,
				50AB3A391DB712CF00E7B3BA /* Main.storyboard */,
				50AB3A3C1DB712CF00E7B3BA /* Assets.xcassets */,
				50AB3A3E1DB712CF00E7B3BA /* LaunchScreen.storyboard */,
				50AB3A411DB712CF00E7B3BA /* Info.plist */,
			);
			path = GitDemo;
			sourceTree = "<group>";
		};
		50AB3A491DB712CF00E7B3BA /* GitDemoTests */ = {
			isa = PBXGroup;
			children = (
				50AB3A4A1DB712CF00E7B3BA /* GitDemoTests.swift */,
				50AB3A4C1DB712CF00E7B3BA /* Info.plist */,
			);
			path = GitDemoTests;
			sourceTree = "<group>";
		};
		50AB3A541DB712CF00E7B3BA /* GitDemoUITests */ = {
			isa = PBXGroup;
			children = (
				50AB3A551DB712CF00E7B3BA /* GitDemoUITests.swift */,
				50AB3A571DB712CF00E7B3BA /* Info.plist */,
			);
			path = GitDemoUITests;
			sourceTree = "<group>";
		};
/* End PBXGroup section */

/* Begin PBXNativeTarget section */
		50AB3A311DB712CF00E7B3BA /* GitDemo */ = {
			isa = PBXNativeTarget;
			buildConfigurationList = 50AB3A5A1DB712CF00E7B3BA /* Build configuration list for PBXNativeTarget "GitDemo" */;
			buildPhases = (
				50AB3A2E1DB712CF00E7B3BA /* Sources */,
				50AB3A2F1DB712CF00E7B3BA /* Frameworks */,
				50AB3A301DB712CF00E7B3BA /* Resources */,
			);
			buildRules = (
			);
			dependencies = (
			);
			name = GitDemo;
			productName = GitDemo;
			productReference = 50AB3A321DB712CF00E7B3BA /* GitDemo.app */;
			productType = "com.apple.product-type.application";
		};
		50AB3A451DB712CF00E7B3BA /* GitDemoTests */ = {
			isa = PBXNativeTarget;
			buildConfigurationList = 50AB3A5D1DB712CF00E7B3BA /* Build configuration list for PBXNativeTarget "GitDemoTests" */;
			buildPhases = (
				50AB3A421DB712CF00E7B3BA /* Sources */,
				50AB3A431DB712CF00E7B3BA /* Frameworks */,
				50AB3A441DB712CF00E7B3BA /* Resources */,
			);
			buildRules = (
			);
			dependencies = (
				50AB3A481DB712CF00E7B3BA /* PBXTargetDependency */,
			);
			name = GitDemoTests;
			productName = GitDemoTests;
			productReference = 50AB3A461DB712CF00E7B3BA /* GitDemoTests.xctest */;
			productType = "com.apple.product-type.bundle.unit-test";
		};
		50AB3A501DB712CF00E7B3BA /* GitDemoUITests */ = {
			isa = PBXNativeTarget;
			buildConfigurationList = 50AB3A601DB712CF00E7B3BA /* Build configuration list for PBXNativeTarget "GitDemoUITests" */;
			buildPhases = (
				50AB3A4D1DB712CF00E7B3BA /* Sources */,
				50AB3A4E1DB712CF00E7B3BA /* Frameworks */,
				50AB3A4F1DB712CF00E7B3BA /* Resources */,
			);
			buildRules = (
			);
			dependencies = (
				50AB3A531DB712CF00E7B3BA /* PBXTargetDependency */,
			);
			name = GitDemoUITests;
			productName = GitDemoUITests;
			productReference = 50AB3A511DB712CF00E7B3BA /* GitDemoUITests.xctest */;
			productType = "com.apple.product-type.bundle.ui-testing";
		};
/* End PBXNativeTarget section */

/* Begin PBXProject section */
		50AB3A2A1DB712CF00E7B3BA /* Project object */ = {
			isa = PBXProject;
			attributes = {
				LastSwiftUpdateCheck = 0800;
				LastUpgradeCheck = 0800;
				ORGANIZATIONNAME = XernagaWang;
				TargetAttributes = {
					50AB3A311DB712CF00E7B3BA = {
						CreatedOnToolsVersion = 8.0;
						DevelopmentTeam = 92XAF77HUM;
						ProvisioningStyle = Automatic;
					};
					50AB3A451DB712CF00E7B3BA = {
						CreatedOnToolsVersion = 8.0;
						DevelopmentTeam = 92XAF77HUM;
						ProvisioningStyle = Automatic;
						TestTargetID = 50AB3A311DB712CF00E7B3BA;
					};
					50AB3A501DB712CF00E7B3BA = {
						CreatedOnToolsVersion = 8.0;
						DevelopmentTeam = 92XAF77HUM;
						ProvisioningStyle = Automatic;
						TestTargetID = 50AB3A311DB712CF00E7B3BA;
					};
				};
			};
			buildConfigurationList = 50AB3A2D1DB712CF00E7B3BA /* Build configuration list for PBXProject "GitDemo" */;
			compatibilityVersion = "Xcode 3.2";
			developmentRegion = English;
			hasScannedForEncodings = 0;
			knownRegions = (
				en,
				Base,
			);
			mainGroup = 50AB3A291DB712CF00E7B3BA;
			productRefGroup = 50AB3A331DB712CF00E7B3BA /* Products */;
			projectDirPath = "";
			projectRoot = "";
			targets = (
				50AB3A311DB712CF00E7B3BA /* GitDemo */,
				50AB3A451DB712CF00E7B3BA /* GitDemoTests */,
				50AB3A501DB712CF00E7B3BA /* GitDemoUITests */,
			);
		};
/* End PBXProject section */

/* Begin PBXResourcesBuildPhase section */
		50AB3A301DB712CF00E7B3BA /* Resources */ = {
			isa = PBXResourcesBuildPhase;
			buildActionMask = 2147483647;
			files = (
				50AB3A401DB712CF00E7B3BA /* LaunchScreen.storyboard in Resources */,
				50AB3A3D1DB712CF00E7B3BA /* Assets.xcassets in Resources */,
				50AB3A3B1DB712CF00E7B3BA /* Main.storyboard in Resources */,
			);
			runOnlyForDeploymentPostprocessing = 0;
		};
		50AB3A441DB712CF00E7B3BA /* Resources */ = {
			isa = PBXResourcesBuildPhase;
			buildActionMask = 2147483647;
			files = (
			);
			runOnlyForDeploymentPostprocessing = 0;
		};
		50AB3A4F1DB712CF00E7B3BA /* Resources */ = {
			isa = PBXResourcesBuildPhase;
			buildActionMask = 2147483647;
			files = (
			);
			runOnlyForDeploymentPostprocessing = 0;
		};
/* End PBXResourcesBuildPhase section */

/* Begin PBXSourcesBuildPhase section */
		50AB3A2E1DB712CF00E7B3BA /* Sources */ = {
			isa = PBXSourcesBuildPhase;
			buildActionMask = 2147483647;
			files = (
				50AB3A381DB712CF00E7B3BA /* ViewController.swift in Sources */,
				50AB3A361DB712CF00E7B3BA /* AppDelegate.swift in Sources */,
			);
			runOnlyForDeploymentPostprocessing = 0;
		};
		50AB3A421DB712CF00E7B3BA /* Sources */ = {
			isa = PBXSourcesBuildPhase;
			buildActionMask = 2147483647;
			files = (
				50AB3A4B1DB712CF00E7B3BA /* GitDemoTests.swift in Sources */,
			);
			runOnlyForDeploymentPostprocessing = 0;
		};
		50AB3A4D1DB712CF00E7B3BA /* Sources */ = {
			isa = PBXSourcesBuildPhase;
			buildActionMask = 2147483647;
			files = (
				50AB3A561DB712CF00E7B3BA /* GitDemoUITests.swift in Sources */,
			);
			runOnlyForDeploymentPostprocessing = 0;
		};
/* End PBXSourcesBuildPhase section */

/* Begin PBXTargetDependency section */
		50AB3A481DB712CF00E7B3BA /* PBXTargetDependency */ = {
			isa = PBXTargetDependency;
			target = 50AB3A311DB712CF00E7B3BA /* GitDemo */;
			targetProxy = 50AB3A471DB712CF00E7B3BA /* PBXContainerItemProxy */;
		};
		50AB3A531DB712CF00E7B3BA /* PBXTargetDependency */ = {
			isa = PBXTargetDependency;
			target = 50AB3A311DB712CF00E7B3BA /* GitDemo */;
			targetProxy = 50AB3A521DB712CF00E7B3BA /* PBXContainerItemProxy */;
		};
/* End PBXTargetDependency section */

/* Begin PBXVariantGroup section */
		50AB3A391DB712CF00E7B3BA /* Main.storyboard */ = {
			isa = PBXVariantGroup;
			children = (
				50AB3A3A1DB712CF00E7B3BA /* Base */,
			);
			name = Main.storyboard;
			sourceTree = "<group>";
		};
		50AB3A3E1DB712CF00E7B3BA /* LaunchScreen.storyboard */ = {
			isa = PBXVariantGroup;
			children = (
				50AB3A3F1DB712CF00E7B3BA /* Base */,
			);
			name = LaunchScreen.storyboard;
			sourceTree = "<group>";
		};
/* End PBXVariantGroup section */

/* Begin XCBuildConfiguration section */
		50AB3A581DB712CF00E7B3BA /* Debug */ = {
			isa = XCBuildConfiguration;
			buildSettings = {
				ALWAYS_SEARCH_USER_PATHS = NO;
				CLANG_ANALYZER_NONNULL = YES;
				CLANG_CXX_LANGUAGE_STANDARD = "gnu++0x";
				CLANG_CXX_LIBRARY = "libc++";
				CLANG_ENABLE_MODULES = YES;
				CLANG_ENABLE_OBJC_ARC = YES;
				CLANG_WARN_BOOL_CONVERSION = YES;
				CLANG_WARN_CONSTANT_CONVERSION = YES;
				CLANG_WARN_DIRECT_OBJC_ISA_USAGE = YES_ERROR;
				CLANG_WARN_DOCUMENTATION_COMMENTS = YES;
				CLANG_WARN_EMPTY_BODY = YES;
				CLANG_WARN_ENUM_CONVERSION = YES;
				CLANG_WARN_INFINITE_RECURSION = YES;
				CLANG_WARN_INT_CONVERSION = YES;
				CLANG_WARN_OBJC_ROOT_CLASS = YES_ERROR;
				CLANG_WARN_SUSPICIOUS_MOVES = YES;
				CLANG_WARN_UNREACHABLE_CODE = YES;
				CLANG_WARN__DUPLICATE_METHOD_MATCH = YES;
				"CODE_SIGN_IDENTITY[sdk=iphoneos*]" = "iPhone Developer";
				COPY_PHASE_STRIP = NO;
				DEBUG_INFORMATION_FORMAT = dwarf;
				ENABLE_STRICT_OBJC_MSGSEND = YES;
				ENABLE_TESTABILITY = YES;
				GCC_C_LANGUAGE_STANDARD = gnu99;
				GCC_DYNAMIC_NO_PIC = NO;
				GCC_NO_COMMON_BLOCKS = YES;
				GCC_OPTIMIZATION_LEVEL = 0;
				GCC_PREPROCESSOR_DEFINITIONS = (
					"DEBUG=1",
					"$(inherited)",
				);
				GCC_WARN_64_TO_32_BIT_CONVERSION = YES;
				GCC_WARN_ABOUT_RETURN_TYPE = YES_ERROR;
				GCC_WARN_UNDECLARED_SELECTOR = YES;
				GCC_WARN_UNINITIALIZED_AUTOS = YES_AGGRESSIVE;
				GCC_WARN_UNUSED_FUNCTION = YES;
				GCC_WARN_UNUSED_VARIABLE = YES;
				IPHONEOS_DEPLOYMENT_TARGET = 10.0;
				MTL_ENABLE_DEBUG_INFO = YES;
				ONLY_ACTIVE_ARCH = YES;
				SDKROOT = iphoneos;
				SWIFT_ACTIVE_COMPILATION_CONDITIONS = DEBUG;
				SWIFT_OPTIMIZATION_LEVEL = "-Onone";
				TARGETED_DEVICE_FAMILY = "1,2";
			};
			name = Debug;
		};
		50AB3A591DB712CF00E7B3BA /* Release */ = {
			isa = XCBuildConfiguration;
			buildSettings = {
				ALWAYS_SEARCH_USER_PATHS = NO;
				CLANG_ANALYZER_NONNULL = YES;
				CLANG_CXX_LANGUAGE_STANDARD = "gnu++0x";
				CLANG_CXX_LIBRARY = "libc++";
				CLANG_ENABLE_MODULES = YES;
				CLANG_ENABLE_OBJC_ARC = YES;
				CLANG_WARN_BOOL_CONVERSION = YES;
				CLANG_WARN_CONSTANT_CONVERSION = YES;
				CLANG_WARN_DIRECT_OBJC_ISA_USAGE = YES_ERROR;
				CLANG_WARN_DOCUMENTATION_COMMENTS = YES;
				CLANG_WARN_EMPTY_BODY = YES;
				CLANG_WARN_ENUM_CONVERSION = YES;
				CLANG_WARN_INFINITE_RECURSION = YES;
				CLANG_WARN_INT_CONVERSION = YES;
				CLANG_WARN_OBJC_ROOT_CLASS = YES_ERROR;
				CLANG_WARN_SUSPICIOUS_MOVES = YES;
				CLANG_WARN_UNREACHABLE_CODE = YES;
				CLANG_WARN__DUPLICATE_METHOD_MATCH = YES;
				"CODE_SIGN_IDENTITY[sdk=iphoneos*]" = "iPhone Developer";
				COPY_PHASE_STRIP = NO;
				DEBUG_INFORMATION_FORMAT = "dwarf-with-dsym";
				ENABLE_NS_ASSERTIONS = NO;
				ENABLE_STRICT_OBJC_MSGSEND = YES;
				GCC_C_LANGUAGE_STANDARD = gnu99;
				GCC_NO_COMMON_BLOCKS = YES;
				GCC_WARN_64_TO_32_BIT_CONVERSION = YES;
				GCC_WARN_ABOUT_RETURN_TYPE = YES_ERROR;
				GCC_WARN_UNDECLARED_SELECTOR = YES;
				GCC_WARN_UNINITIALIZED_AUTOS = YES_AGGRESSIVE;
				GCC_WARN_UNUSED_FUNCTION = YES;
				GCC_WARN_UNUSED_VARIABLE = YES;
				IPHONEOS_DEPLOYMENT_TARGET = 10.0;
				MTL_ENABLE_DEBUG_INFO = NO;
				SDKROOT = iphoneos;
				SWIFT_OPTIMIZATION_LEVEL = "-Owholemodule";
				TARGETED_DEVICE_FAMILY = "1,2";
				VALIDATE_PRODUCT = YES;
			};
			name = Release;
		};
		50AB3A5B1DB712CF00E7B3BA /* Debug */ = {
			isa = XCBuildConfiguration;
			buildSettings = {
				ASSETCATALOG_COMPILER_APPICON_NAME = AppIcon;
				DEVELOPMENT_TEAM = 92XAF77HUM;
				INFOPLIST_FILE = GitDemo/Info.plist;
				LD_RUNPATH_SEARCH_PATHS = "$(inherited) @executable_path/Frameworks";
				PRODUCT_BUNDLE_IDENTIFIER = "j20010320-hotmail.com.GitDemo";
				PRODUCT_NAME = "$(TARGET_NAME)";
				SWIFT_VERSION = 3.0;
			};
			name = Debug;
		};
		50AB3A5C1DB712CF00E7B3BA /* Release */ = {
			isa = XCBuildConfiguration;
			buildSettings = {
				ASSETCATALOG_COMPILER_APPICON_NAME = AppIcon;
				DEVELOPMENT_TEAM = 92XAF77HUM;
				INFOPLIST_FILE = GitDemo/Info.plist;
				LD_RUNPATH_SEARCH_PATHS = "$(inherited) @executable_path/Frameworks";
				PRODUCT_BUNDLE_IDENTIFIER = "j20010320-hotmail.com.GitDemo";
				PRODUCT_NAME = "$(TARGET_NAME)";
				SWIFT_VERSION = 3.0;
			};
			name = Release;
		};
		50AB3A5E1DB712CF00E7B3BA /* Debug */ = {
			isa = XCBuildConfiguration;
			buildSettings = {
				ALWAYS_EMBED_SWIFT_STANDARD_LIBRARIES = YES;
				BUNDLE_LOADER = "$(TEST_HOST)";
				DEVELOPMENT_TEAM = 92XAF77HUM;
				INFOPLIST_FILE = GitDemoTests/Info.plist;
				LD_RUNPATH_SEARCH_PATHS = "$(inherited) @executable_path/Frameworks @loader_path/Frameworks";
				PRODUCT_BUNDLE_IDENTIFIER = "j20010320-hotmail.com.GitDemoTests";
				PRODUCT_NAME = "$(TARGET_NAME)";
				SWIFT_VERSION = 3.0;
				TEST_HOST = "$(BUILT_PRODUCTS_DIR)/GitDemo.app/GitDemo";
			};
			name = Debug;
		};
		50AB3A5F1DB712CF00E7B3BA /* Release */ = {
			isa = XCBuildConfiguration;
			buildSettings = {
				ALWAYS_EMBED_SWIFT_STANDARD_LIBRARIES = YES;
				BUNDLE_LOADER = "$(TEST_HOST)";
				DEVELOPMENT_TEAM = 92XAF77HUM;
				INFOPLIST_FILE = GitDemoTests/Info.plist;
				LD_RUNPATH_SEARCH_PATHS = "$(inherited) @executable_path/Frameworks @loader_path/Frameworks";
				PRODUCT_BUNDLE_IDENTIFIER = "j20010320-hotmail.com.GitDemoTests";
				PRODUCT_NAME = "$(TARGET_NAME)";
				SWIFT_VERSION = 3.0;
				TEST_HOST = "$(BUILT_PRODUCTS_DIR)/GitDemo.app/GitDemo";
			};
			name = Release;
		};
		50AB3A611DB712CF00E7B3BA /* Debug */ = {
			isa = XCBuildConfiguration;
			buildSettings = {
				ALWAYS_EMBED_SWIFT_STANDARD_LIBRARIES = YES;
				DEVELOPMENT_TEAM = 92XAF77HUM;
				INFOPLIST_FILE = GitDemoUITests/Info.plist;
				LD_RUNPATH_SEARCH_PATHS = "$(inherited) @executable_path/Frameworks @loader_path/Frameworks";
				PRODUCT_BUNDLE_IDENTIFIER = "j20010320-hotmail.com.GitDemoUITests";
				PRODUCT_NAME = "$(TARGET_NAME)";
				SWIFT_VERSION = 3.0;
				TEST_TARGET_NAME = GitDemo;
			};
			name = Debug;
		};
		50AB3A621DB712CF00E7B3BA /* Release */ = {
			isa = XCBuildConfiguration;
			buildSettings = {
				ALWAYS_EMBED_SWIFT_STANDARD_LIBRARIES = YES;
				DEVELOPMENT_TEAM = 92XAF77HUM;
				INFOPLIST_FILE = GitDemoUITests/Info.plist;
				LD_RUNPATH_SEARCH_PATHS = "$(inherited) @executable_path/Frameworks @loader_path/Frameworks";
				PRODUCT_BUNDLE_IDENTIFIER = "j20010320-hotmail.com.GitDemoUITests";
				PRODUCT_NAME = "$(TARGET_NAME)";
				SWIFT_VERSION = 3.0;
				TEST_TARGET_NAME = GitDemo;
			};
			name = Release;
		};
/* End XCBuildConfiguration section */

/* Begin XCConfigurationList section */
		50AB3A2D1DB712CF00E7B3BA /* Build configuration list for PBXProject "GitDemo" */ = {
			isa = XCConfigurationList;
			buildConfigurations = (
				50AB3A581DB712CF00E7B3BA /* Debug */,
				50AB3A591DB712CF00E7B3BA /* Release */,
			);
			defaultConfigurationIsVisible = 0;
			defaultConfigurationName = Release;
		};
		50AB3A5A1DB712CF00E7B3BA /* Build configuration list for PBXNativeTarget "GitDemo" */ = {
			isa = XCConfigurationList;
			buildConfigurations = (
				50AB3A5B1DB712CF00E7B3BA /* Debug */,
				50AB3A5C1DB712CF00E7B3BA /* Release */,
			);
			defaultConfigurationIsVisible = 0;
		};
		50AB3A5D1DB712CF00E7B3BA /* Build configuration list for PBXNativeTarget "GitDemoTests" */ = {
			isa = XCConfigurationList;
			buildConfigurations = (
				50AB3A5E1DB712CF00E7B3BA /* Debug */,
				50AB3A5F1DB712CF00E7B3BA /* Release */,
			);
			defaultConfigurationIsVisible = 0;
		};
		50AB3A601DB712CF00E7B3BA /* Build configuration list for PBXNativeTarget "GitDemoUITests" */ = {
			isa = XCConfigurationList;
			buildConfigurations = (
				50AB3A611DB712CF00E7B3BA /* Debug */,
				50AB3A621DB712CF00E7B3BA /* Release */,
			);
			defaultConfigurationIsVisible = 0;
		};
/* End XCConfigurationList section */
	};
	rootObject = 50AB3A2A1DB712CF00E7B3BA /* Project object */;
}
